
Microsoft Visual Studio Solution File, Format Version 12.00
# Visual Studio Version 16
VisualStudioVersion = 16.0.34729.46
MinimumVisualStudioVersion = 10.0.40219.1
Project("{8BC9CEB8-8B4A-11D0-8D11-00A0C91BC942}") = "pvz", "pvz.vcxproj", "{16CD3935-CB4E-3602-B717-69728F18425A}"
EndProject
Global
	GlobalSection(SolutionConfigurationPlatforms) = preSolution
		Debug|x64 = Debug|x64
		Release|x64 = Release|x64
	EndGlobalSection
	GlobalSection(ProjectConfigurationPlatforms) = postSolution
		{16CD3935-CB4E-3602-B717-69728F18425A}.Debug|x64.ActiveCfg = Debug|x64
		{16CD3935-CB4E-3602-B717-69728F18425A}.Debug|x64.Build.0 = Debug|x64
		{16CD3935-CB4E-3602-B717-69728F18425A}.Release|x64.ActiveCfg = Release|x64
		{16CD3935-CB4E-3602-B717-69728F18425A}.Release|x64.Build.0 = Release|x64
	EndGlobalSection
	GlobalSection(SolutionProperties) = preSolution
		HideSolutionNode = FALSE
	EndGlobalSection
	GlobalSection(ExtensibilityGlobals) = postSolution
		SolutionGuid = {45C8A8B2-0A09-47F4-BEFD-F6E606DE5C42}
	EndGlobalSection
EndGlobal
